
Microsoft Visual Studio Solution File, Format Version 12.00
# Visual Studio Version 17
VisualStudioVersion = 17.13.35919.96 d17.13
MinimumVisualStudioVersion = 10.0.40219.1
Project("{FAE04EC0-301F-11D3-BF4B-00C04F79EFBC}") = "Stratum", "Stratum.csproj", "{B1FA4A56-E44D-87AD-0DFC-7A13AC8F2F4E}"
EndProject
Global
	GlobalSection(SolutionConfigurationPlatforms) = preSolution
		Debug|Any CPU = Debug|Any CPU
		Release|Any CPU = Release|Any CPU
	EndGlobalSection
	GlobalSection(ProjectConfigurationPlatforms) = postSolution
		{B1FA4A56-E44D-87AD-0DFC-7A13AC8F2F4E}.Debug|Any CPU.ActiveCfg = Debug|Any CPU
		{B1FA4A56-E44D-87AD-0DFC-7A13AC8F2F4E}.Debug|Any CPU.Build.0 = Debug|Any CPU
		{B1FA4A56-E44D-87AD-0DFC-7A13AC8F2F4E}.Release|Any CPU.ActiveCfg = Release|Any CPU
		{B1FA4A56-E44D-87AD-0DFC-7A13AC8F2F4E}.Release|Any CPU.Build.0 = Release|Any CPU
	EndGlobalSection
	GlobalSection(SolutionProperties) = preSolution
		HideSolutionNode = FALSE
	EndGlobalSection
	GlobalSection(ExtensibilityGlobals) = postSolution
		SolutionGuid = {C7A440E1-208F-4124-87B2-515E06475FAE}
	EndGlobalSection
EndGlobal
